cookbook 'apt', :locked_version => '1.9.2'
cookbook 'build-essential', :locked_version => '1.4.0'
cookbook 'ruby', :locked_version => '0.9.2'
cookbook 'git', :locked_version => '2.3.0'
cookbook 'curl', :locked_version => '1.1.0'
cookbook 'chef-server', :git => 'git://github.com/opscode-cookbooks/chef-server.git', :ref => 'master'
cookbook 'dmg', :locked_version => '1.1.0'
cookbook 'yum', :locked_version => '2.2.2'
cookbook 'windows', :locked_version => '1.8.10'
cookbook 'chef_handler', :locked_version => '1.1.4'
cookbook 'runit', :locked_version => '1.0.6'